
Microsoft Visual Studio Solution File, Format Version 12.00
# Visual Studio Version 17
VisualStudioVersion = 17.12.35527.113
MinimumVisualStudioVersion = 10.0.40219.1
Project("{FAE04EC0-301F-11D3-BF4B-00C04F79EFBC}") = "metricsflow", "metricsflow.csproj", "{6F594F5D-3700-493D-95E5-F7C933C86496}"
EndProject
Project("{FAE04EC0-301F-11D3-BF4B-00C04F79EFBC}") = "Database", "src\Database\Database.csproj", "{B29389A2-A5D0-4D6A-895D-A340506DFA24}"
EndProject
Global
	GlobalSection(SolutionConfigurationPlatforms) = preSolution
		Debug|Any CPU = Debug|Any CPU
		Release|Any CPU = Release|Any CPU
	EndGlobalSection
	GlobalSection(ProjectConfigurationPlatforms) = postSolution
		{6F594F5D-3700-493D-95E5-F7C933C86496}.Debug|Any CPU.ActiveCfg = Debug|Any CPU
		{6F594F5D-3700-493D-95E5-F7C933C86496}.Debug|Any CPU.Build.0 = Debug|Any CPU
		{6F594F5D-3700-493D-95E5-F7C933C86496}.Release|Any CPU.ActiveCfg = Release|Any CPU
		{6F594F5D-3700-493D-95E5-F7C933C86496}.Release|Any CPU.Build.0 = Release|Any CPU
		{B29389A2-A5D0-4D6A-895D-A340506DFA24}.Debug|Any CPU.ActiveCfg = Debug|Any CPU
		{B29389A2-A5D0-4D6A-895D-A340506DFA24}.Debug|Any CPU.Build.0 = Debug|Any CPU
		{B29389A2-A5D0-4D6A-895D-A340506DFA24}.Release|Any CPU.ActiveCfg = Release|Any CPU
		{B29389A2-A5D0-4D6A-895D-A340506DFA24}.Release|Any CPU.Build.0 = Release|Any CPU
	EndGlobalSection
	GlobalSection(SolutionProperties) = preSolution
		HideSolutionNode = FALSE
	EndGlobalSection
EndGlobal
